
Microsoft Visual Studio Solution File, Format Version 12.00
# Visual Studio Version 17
VisualStudioVersion = 17.11.35219.272
MinimumVisualStudioVersion = 10.0.40219.1
Project("{9A19103F-16F7-4668-BE54-9A1E7A4F7556}") = "DalTest", "DalTest\DalTest.csproj", "{62F67444-95D9-490B-958A-712A3D2B5AF2}"
EndProject
Project("{9A19103F-16F7-4668-BE54-9A1E7A4F7556}") = "DalFacade", "DalFacade\DalFacade.csproj", "{9E6B5086-DEA4-49D0-A040-AF8A645A64F8}"
EndProject
Project("{9A19103F-16F7-4668-BE54-9A1E7A4F7556}") = "DalList", "DalList\DalList.csproj", "{72049480-6565-4DAB-A2A6-2F05A7859155}"
EndProject
Project("{9A19103F-16F7-4668-BE54-9A1E7A4F7556}") = "DalXml", "DalXml\DalXml.csproj", "{AC40C5B0-FE4F-4DB7-B465-38161F3F7EE3}"
EndProject
Project("{2150E333-8FDC-42A3-9474-1A3956D46DE8}") = "Solution Items", "Solution Items", "{879A77EB-CEA4-4F1F-AAAF-C63C04087A51}"
	ProjectSection(SolutionItems) = preProject
		.gitignore = .gitignore
	EndProjectSection
EndProject
Project("{9A19103F-16F7-4668-BE54-9A1E7A4F7556}") = "BL", "BL\BL.csproj", "{95ED3CDF-31D4-4BE0-8EBA-5D35C65C9F7E}"
EndProject
Project("{2150E333-8FDC-42A3-9474-1A3956D46DE8}") = "xml", "xml", "{94B47719-C59A-43AE-BEBB-4967BE80168C}"
	ProjectSection(SolutionItems) = preProject
		xml\customers.xml = xml\customers.xml
		xml\dal-config.xml = xml\dal-config.xml
		xml\data-config.xml = xml\data-config.xml
		xml\products.xml = xml\products.xml
		xml\sales.xml = xml\sales.xml
	EndProjectSection
EndProject
Project("{9A19103F-16F7-4668-BE54-9A1E7A4F7556}") = "BlTest", "BlTest1\BlTest.csproj", "{D0CE0F69-2AE2-438F-8F4E-A0F002BA73AB}"
EndProject
Project("{FAE04EC0-301F-11D3-BF4B-00C04F79EFBC}") = "UI", "UI\UI.csproj", "{519EECDE-C409-4456-9098-102CAA30EABB}"
EndProject
Global
	GlobalSection(SolutionConfigurationPlatforms) = preSolution
		Debug|Any CPU = Debug|Any CPU
		Release|Any CPU = Release|Any CPU
	EndGlobalSection
	GlobalSection(ProjectConfigurationPlatforms) = postSolution
		{62F67444-95D9-490B-958A-712A3D2B5AF2}.Debug|Any CPU.ActiveCfg = Debug|Any CPU
		{62F67444-95D9-490B-958A-712A3D2B5AF2}.Debug|Any CPU.Build.0 = Debug|Any CPU
		{62F67444-95D9-490B-958A-712A3D2B5AF2}.Release|Any CPU.ActiveCfg = Release|Any CPU
		{62F67444-95D9-490B-958A-712A3D2B5AF2}.Release|Any CPU.Build.0 = Release|Any CPU
		{9E6B5086-DEA4-49D0-A040-AF8A645A64F8}.Debug|Any CPU.ActiveCfg = Debug|Any CPU
		{9E6B5086-DEA4-49D0-A040-AF8A645A64F8}.Debug|Any CPU.Build.0 = Debug|Any CPU
		{9E6B5086-DEA4-49D0-A040-AF8A645A64F8}.Release|Any CPU.ActiveCfg = Release|Any CPU
		{9E6B5086-DEA4-49D0-A040-AF8A645A64F8}.Release|Any CPU.Build.0 = Release|Any CPU
		{72049480-6565-4DAB-A2A6-2F05A7859155}.Debug|Any CPU.ActiveCfg = Debug|Any CPU
		{72049480-6565-4DAB-A2A6-2F05A7859155}.Debug|Any CPU.Build.0 = Debug|Any CPU
		{72049480-6565-4DAB-A2A6-2F05A7859155}.Release|Any CPU.ActiveCfg = Release|Any CPU
		{72049480-6565-4DAB-A2A6-2F05A7859155}.Release|Any CPU.Build.0 = Release|Any CPU
		{AC40C5B0-FE4F-4DB7-B465-38161F3F7EE3}.Debug|Any CPU.ActiveCfg = Debug|Any CPU
		{AC40C5B0-FE4F-4DB7-B465-38161F3F7EE3}.Debug|Any CPU.Build.0 = Debug|Any CPU
		{AC40C5B0-FE4F-4DB7-B465-38161F3F7EE3}.Release|Any CPU.ActiveCfg = Release|Any CPU
		{AC40C5B0-FE4F-4DB7-B465-38161F3F7EE3}.Release|Any CPU.Build.0 = Release|Any CPU
		{95ED3CDF-31D4-4BE0-8EBA-5D35C65C9F7E}.Debug|Any CPU.ActiveCfg = Debug|Any CPU
		{95ED3CDF-31D4-4BE0-8EBA-5D35C65C9F7E}.Debug|Any CPU.Build.0 = Debug|Any CPU
		{95ED3CDF-31D4-4BE0-8EBA-5D35C65C9F7E}.Release|Any CPU.ActiveCfg = Release|Any CPU
		{95ED3CDF-31D4-4BE0-8EBA-5D35C65C9F7E}.Release|Any CPU.Build.0 = Release|Any CPU
		{D0CE0F69-2AE2-438F-8F4E-A0F002BA73AB}.Debug|Any CPU.ActiveCfg = Debug|Any CPU
		{D0CE0F69-2AE2-438F-8F4E-A0F002BA73AB}.Debug|Any CPU.Build.0 = Debug|Any CPU
		{D0CE0F69-2AE2-438F-8F4E-A0F002BA73AB}.Release|Any CPU.ActiveCfg = Release|Any CPU
		{D0CE0F69-2AE2-438F-8F4E-A0F002BA73AB}.Release|Any CPU.Build.0 = Release|Any CPU
		{519EECDE-C409-4456-9098-102CAA30EABB}.Debug|Any CPU.ActiveCfg = Debug|Any CPU
		{519EECDE-C409-4456-9098-102CAA30EABB}.Debug|Any CPU.Build.0 = Debug|Any CPU
		{519EECDE-C409-4456-9098-102CAA30EABB}.Release|Any CPU.ActiveCfg = Release|Any CPU
		{519EECDE-C409-4456-9098-102CAA30EABB}.Release|Any CPU.Build.0 = Release|Any CPU
	EndGlobalSection
	GlobalSection(SolutionProperties) = preSolution
		HideSolutionNode = FALSE
	EndGlobalSection
	GlobalSection(ExtensibilityGlobals) = postSolution
		SolutionGuid = {739BB492-4918-46FB-B472-99F717C0927D}
	EndGlobalSection
EndGlobal
